
Microsoft Visual Studio Solution File, Format Version 12.00
# Visual Studio Version 16
VisualStudioVersion = 16.0.31613.86
MinimumVisualStudioVersion = 10.0.40219.1
Project("{FAE04EC0-301F-11D3-BF4B-00C04F79EFBC}") = "Egor_Sort", "Egor_Sort\Egor_Sort.csproj", "{1F10A83D-9B9B-46F7-8C7B-711927D0022D}"
EndProject
Global
	GlobalSection(SolutionConfigurationPlatforms) = preSolution
		Debug|Any CPU = Debug|Any CPU
		Release|Any CPU = Release|Any CPU
	EndGlobalSection
	GlobalSection(ProjectConfigurationPlatforms) = postSolution
		{1F10A83D-9B9B-46F7-8C7B-711927D0022D}.Debug|Any CPU.ActiveCfg = Debug|Any CPU
		{1F10A83D-9B9B-46F7-8C7B-711927D0022D}.Debug|Any CPU.Build.0 = Debug|Any CPU
		{1F10A83D-9B9B-46F7-8C7B-711927D0022D}.Release|Any CPU.ActiveCfg = Release|Any CPU
		{1F10A83D-9B9B-46F7-8C7B-711927D0022D}.Release|Any CPU.Build.0 = Release|Any CPU
	EndGlobalSection
	GlobalSection(SolutionProperties) = preSolution
		HideSolutionNode = FALSE
	EndGlobalSection
	GlobalSection(ExtensibilityGlobals) = postSolution
		SolutionGuid = {6011884B-97EE-48E3-8673-6E7CD0EAF328}
	EndGlobalSection
EndGlobal
